
Microsoft Visual Studio Solution File, Format Version 12.00
# Visual Studio Version 17
VisualStudioVersion = 17.13.35818.85
MinimumVisualStudioVersion = 10.0.40219.1
Project("{FAE04EC0-301F-11D3-BF4B-00C04F79EFBC}") = "primeiro_c#", "cesharpe\primeiro_c#.csproj", "{B9C4CD22-2C65-45BA-BDFE-7FCADE1FF506}"
EndProject
Global
	GlobalSection(SolutionConfigurationPlatforms) = preSolution
		Debug|Any CPU = Debug|Any CPU
		Release|Any CPU = Release|Any CPU
	EndGlobalSection
	GlobalSection(ProjectConfigurationPlatforms) = postSolution
		{B9C4CD22-2C65-45BA-BDFE-7FCADE1FF506}.Debug|Any CPU.ActiveCfg = Debug|Any CPU
		{B9C4CD22-2C65-45BA-BDFE-7FCADE1FF506}.Debug|Any CPU.Build.0 = Debug|Any CPU
		{B9C4CD22-2C65-45BA-BDFE-7FCADE1FF506}.Release|Any CPU.ActiveCfg = Release|Any CPU
		{B9C4CD22-2C65-45BA-BDFE-7FCADE1FF506}.Release|Any CPU.Build.0 = Release|Any CPU
	EndGlobalSection
	GlobalSection(SolutionProperties) = preSolution
		HideSolutionNode = FALSE
	EndGlobalSection
	GlobalSection(ExtensibilityGlobals) = postSolution
		SolutionGuid = {56D9184E-2AE8-446D-8B8A-701F57675EA3}
	EndGlobalSection
EndGlobal
